
Microsoft Visual Studio Solution File, Format Version 12.00
# Visual Studio 14
VisualStudioVersion = 14.0.25123.0
MinimumVisualStudioVersion = 10.0.40219.1
Project("{FAE04EC0-301F-11D3-BF4B-00C04F79EFBC}") = "GF.UCenter.Test", "GF.UCenter.Test\GF.UCenter.Test.csproj", "{5369473C-A2F7-4E3E-9E05-49BE0831F62A}"
EndProject
Project("{FAE04EC0-301F-11D3-BF4B-00C04F79EFBC}") = "GF.UCenter.Common", "GF.UCenter.Common\GF.UCenter.Common.csproj", "{FCE33A61-93FC-4077-B362-BEB2D5E6D8B0}"
EndProject
Project("{FAE04EC0-301F-11D3-BF4B-00C04F79EFBC}") = "GF.UCenter.SDK.AppClient", "GF.UCenter.SDK.AppClient\GF.UCenter.SDK.AppClient.csproj", "{4367DCAA-97AF-4710-A12F-8139C48DD9E6}"
EndProject
Project("{FAE04EC0-301F-11D3-BF4B-00C04F79EFBC}") = "GF.UCenter.SDK.AppServer", "GF.UCenter.SDK.AppServer\GF.UCenter.SDK.AppServer.csproj", "{004E44F3-934B-47CA-99E5-9CD38AA32EF0}"
EndProject
Project("{FAE04EC0-301F-11D3-BF4B-00C04F79EFBC}") = "GF.UCenter.Common.Portable", "GF.UCenter.Common.Portable\GF.UCenter.Common.Portable.csproj", "{4497DC6E-5B0E-42E4-9C2D-B93B9783D667}"
EndProject
Project("{FAE04EC0-301F-11D3-BF4B-00C04F79EFBC}") = "GF.UCenter.Web.Common", "GF.UCenter.Web.Common\GF.UCenter.Web.Common.csproj", "{ED28724A-0787-4BE4-90FC-DF7F4C3A6145}"
EndProject
Project("{2150E333-8FDC-42A3-9474-1A3956D46DE8}") = "Tests", "Tests", "{3739162B-9473-44C4-9DDE-76824D893C67}"
EndProject
Project("{2150E333-8FDC-42A3-9474-1A3956D46DE8}") = "Portable", "Portable", "{65E88A7B-1E9B-43F4-A6E0-4169A39B36B0}"
EndProject
Project("{2150E333-8FDC-42A3-9474-1A3956D46DE8}") = "SDK", "SDK", "{5086AF93-45EC-45F3-BF75-CACD851AF57F}"
EndProject
Project("{2150E333-8FDC-42A3-9474-1A3956D46DE8}") = "Common", "Common", "{BEB753AA-E31F-42B5-A3EF-701750AC9CE1}"
EndProject
Project("{2150E333-8FDC-42A3-9474-1A3956D46DE8}") = "Database", "Database", "{E81B8884-9274-4C61-9235-3BC507AABCE8}"
EndProject
Project("{FAE04EC0-301F-11D3-BF4B-00C04F79EFBC}") = "GF.UCenter.MongoDB", "GF.UCenter.MongoDB\GF.UCenter.MongoDB.csproj", "{42EAA17F-1352-4E80-88F1-BF4F3AF2645D}"
EndProject
Project("{2150E333-8FDC-42A3-9474-1A3956D46DE8}") = "Web", "Web", "{8A43F3C0-2EFB-4A94-8097-B7D1AE52BA98}"
EndProject
Project("{FAE04EC0-301F-11D3-BF4B-00C04F79EFBC}") = "GF.UCenter.Web.Api", "GF.UCenter.Web.Api\GF.UCenter.Web.Api.csproj", "{A0CB1D60-827B-4702-8B50-4CB11889D656}"
EndProject
Project("{FAE04EC0-301F-11D3-BF4B-00C04F79EFBC}") = "GF.UCenter.Web.App", "GF.UCenter.Web.App\GF.UCenter.Web.App.csproj", "{AC502C70-A944-462E-8E01-D30CBC9AE92B}"
EndProject
Project("{8BB2217D-0F2D-49D1-97BC-3654ED321F3B}") = "GF.Manager.Web.App", "GF.Manager.Web.App\GF.Manager.Web.App.xproj", "{E396BB4A-8EDD-46C7-9E7E-E348147D952A}"
EndProject
Project("{2150E333-8FDC-42A3-9474-1A3956D46DE8}") = "NuGet", "NuGet", "{79E61C49-8C08-4D78-97F0-B45DCB1B0887}"
EndProject
Project("{FF286327-C783-4F7A-AB73-9BCBAD0D4460}") = "GF.UCenter.SDK.AppServer", "NuGet\GF.UCenter.SDK.AppServer\GF.UCenter.SDK.AppServer.nuproj", "{29CDFA3B-3614-4C5A-8C4E-AC4AC6483B4B}"
EndProject
Global
	GlobalSection(SolutionConfigurationPlatforms) = preSolution
		Debug|Any CPU = Debug|Any CPU
		Release|Any CPU = Release|Any CPU
	EndGlobalSection
	GlobalSection(ProjectConfigurationPlatforms) = postSolution
		{5369473C-A2F7-4E3E-9E05-49BE0831F62A}.Debug|Any CPU.ActiveCfg = Debug|Any CPU
		{5369473C-A2F7-4E3E-9E05-49BE0831F62A}.Debug|Any CPU.Build.0 = Debug|Any CPU
		{5369473C-A2F7-4E3E-9E05-49BE0831F62A}.Release|Any CPU.ActiveCfg = Release|Any CPU
		{5369473C-A2F7-4E3E-9E05-49BE0831F62A}.Release|Any CPU.Build.0 = Release|Any CPU
		{FCE33A61-93FC-4077-B362-BEB2D5E6D8B0}.Debug|Any CPU.ActiveCfg = Debug|Any CPU
		{FCE33A61-93FC-4077-B362-BEB2D5E6D8B0}.Debug|Any CPU.Build.0 = Debug|Any CPU
		{FCE33A61-93FC-4077-B362-BEB2D5E6D8B0}.Release|Any CPU.ActiveCfg = Release|Any CPU
		{FCE33A61-93FC-4077-B362-BEB2D5E6D8B0}.Release|Any CPU.Build.0 = Release|Any CPU
		{4367DCAA-97AF-4710-A12F-8139C48DD9E6}.Debug|Any CPU.ActiveCfg = Debug|Any CPU
		{4367DCAA-97AF-4710-A12F-8139C48DD9E6}.Debug|Any CPU.Build.0 = Debug|Any CPU
		{4367DCAA-97AF-4710-A12F-8139C48DD9E6}.Release|Any CPU.ActiveCfg = Release|Any CPU
		{4367DCAA-97AF-4710-A12F-8139C48DD9E6}.Release|Any CPU.Build.0 = Release|Any CPU
		{004E44F3-934B-47CA-99E5-9CD38AA32EF0}.Debug|Any CPU.ActiveCfg = Debug|Any CPU
		{004E44F3-934B-47CA-99E5-9CD38AA32EF0}.Debug|Any CPU.Build.0 = Debug|Any CPU
		{004E44F3-934B-47CA-99E5-9CD38AA32EF0}.Release|Any CPU.ActiveCfg = Release|Any CPU
		{004E44F3-934B-47CA-99E5-9CD38AA32EF0}.Release|Any CPU.Build.0 = Release|Any CPU
		{4497DC6E-5B0E-42E4-9C2D-B93B9783D667}.Debug|Any CPU.ActiveCfg = Debug|Any CPU
		{4497DC6E-5B0E-42E4-9C2D-B93B9783D667}.Debug|Any CPU.Build.0 = Debug|Any CPU
		{4497DC6E-5B0E-42E4-9C2D-B93B9783D667}.Release|Any CPU.ActiveCfg = Release|Any CPU
		{4497DC6E-5B0E-42E4-9C2D-B93B9783D667}.Release|Any CPU.Build.0 = Release|Any CPU
		{ED28724A-0787-4BE4-90FC-DF7F4C3A6145}.Debug|Any CPU.ActiveCfg = Debug|Any CPU
		{ED28724A-0787-4BE4-90FC-DF7F4C3A6145}.Debug|Any CPU.Build.0 = Debug|Any CPU
		{ED28724A-0787-4BE4-90FC-DF7F4C3A6145}.Release|Any CPU.ActiveCfg = Release|Any CPU
		{ED28724A-0787-4BE4-90FC-DF7F4C3A6145}.Release|Any CPU.Build.0 = Release|Any CPU
		{42EAA17F-1352-4E80-88F1-BF4F3AF2645D}.Debug|Any CPU.ActiveCfg = Debug|Any CPU
		{42EAA17F-1352-4E80-88F1-BF4F3AF2645D}.Debug|Any CPU.Build.0 = Debug|Any CPU
		{42EAA17F-1352-4E80-88F1-BF4F3AF2645D}.Release|Any CPU.ActiveCfg = Release|Any CPU
		{42EAA17F-1352-4E80-88F1-BF4F3AF2645D}.Release|Any CPU.Build.0 = Release|Any CPU
		{A0CB1D60-827B-4702-8B50-4CB11889D656}.Debug|Any CPU.ActiveCfg = Debug|Any CPU
		{A0CB1D60-827B-4702-8B50-4CB11889D656}.Debug|Any CPU.Build.0 = Debug|Any CPU
		{A0CB1D60-827B-4702-8B50-4CB11889D656}.Release|Any CPU.ActiveCfg = Release|Any CPU
		{A0CB1D60-827B-4702-8B50-4CB11889D656}.Release|Any CPU.Build.0 = Release|Any CPU
		{AC502C70-A944-462E-8E01-D30CBC9AE92B}.Debug|Any CPU.ActiveCfg = Debug|Any CPU
		{AC502C70-A944-462E-8E01-D30CBC9AE92B}.Debug|Any CPU.Build.0 = Debug|Any CPU
		{AC502C70-A944-462E-8E01-D30CBC9AE92B}.Release|Any CPU.ActiveCfg = Release|Any CPU
		{AC502C70-A944-462E-8E01-D30CBC9AE92B}.Release|Any CPU.Build.0 = Release|Any CPU
		{E396BB4A-8EDD-46C7-9E7E-E348147D952A}.Debug|Any CPU.ActiveCfg = Debug|Any CPU
		{E396BB4A-8EDD-46C7-9E7E-E348147D952A}.Debug|Any CPU.Build.0 = Debug|Any CPU
		{E396BB4A-8EDD-46C7-9E7E-E348147D952A}.Release|Any CPU.ActiveCfg = Release|Any CPU
		{E396BB4A-8EDD-46C7-9E7E-E348147D952A}.Release|Any CPU.Build.0 = Release|Any CPU
		{29CDFA3B-3614-4C5A-8C4E-AC4AC6483B4B}.Debug|Any CPU.ActiveCfg = Debug|Any CPU
		{29CDFA3B-3614-4C5A-8C4E-AC4AC6483B4B}.Debug|Any CPU.Build.0 = Debug|Any CPU
		{29CDFA3B-3614-4C5A-8C4E-AC4AC6483B4B}.Release|Any CPU.ActiveCfg = Release|Any CPU
		{29CDFA3B-3614-4C5A-8C4E-AC4AC6483B4B}.Release|Any CPU.Build.0 = Release|Any CPU
	EndGlobalSection
	GlobalSection(SolutionProperties) = preSolution
		HideSolutionNode = FALSE
	EndGlobalSection
	GlobalSection(NestedProjects) = preSolution
		{5369473C-A2F7-4E3E-9E05-49BE0831F62A} = {3739162B-9473-44C4-9DDE-76824D893C67}
		{FCE33A61-93FC-4077-B362-BEB2D5E6D8B0} = {BEB753AA-E31F-42B5-A3EF-701750AC9CE1}
		{4367DCAA-97AF-4710-A12F-8139C48DD9E6} = {5086AF93-45EC-45F3-BF75-CACD851AF57F}
		{004E44F3-934B-47CA-99E5-9CD38AA32EF0} = {5086AF93-45EC-45F3-BF75-CACD851AF57F}
		{4497DC6E-5B0E-42E4-9C2D-B93B9783D667} = {65E88A7B-1E9B-43F4-A6E0-4169A39B36B0}
		{ED28724A-0787-4BE4-90FC-DF7F4C3A6145} = {BEB753AA-E31F-42B5-A3EF-701750AC9CE1}
		{42EAA17F-1352-4E80-88F1-BF4F3AF2645D} = {E81B8884-9274-4C61-9235-3BC507AABCE8}
		{A0CB1D60-827B-4702-8B50-4CB11889D656} = {8A43F3C0-2EFB-4A94-8097-B7D1AE52BA98}
		{AC502C70-A944-462E-8E01-D30CBC9AE92B} = {8A43F3C0-2EFB-4A94-8097-B7D1AE52BA98}
		{E396BB4A-8EDD-46C7-9E7E-E348147D952A} = {8A43F3C0-2EFB-4A94-8097-B7D1AE52BA98}
		{29CDFA3B-3614-4C5A-8C4E-AC4AC6483B4B} = {79E61C49-8C08-4D78-97F0-B45DCB1B0887}
	EndGlobalSection
EndGlobal
