
Microsoft Visual Studio Solution File, Format Version 12.00
# Visual Studio 2017
Project("{FAE04EC0-301F-11D3-BF4B-00C04F79EFBC}") = "GameCloud.UCenter.SDK.Unity3D.Plugins", "GameCloud.UCenter.SDK.Unity3D.Plugins.csproj", "{B3CA7CF7-4A5C-66A1-A932-CF9220E25ABD}"
EndProject
Project("{FAE04EC0-301F-11D3-BF4B-00C04F79EFBC}") = "GameCloud.UCenter.SDK.Unity3D", "GameCloud.UCenter.SDK.Unity3D.csproj", "{B46B528E-136A-3B76-66B3-52396610A20E}"
EndProject
Project("{FAE04EC0-301F-11D3-BF4B-00C04F79EFBC}") = "GameCloud.UCenter.SDK.Unity3D.Editor", "GameCloud.UCenter.SDK.Unity3D.Editor.csproj", "{9CB6D1F4-A988-2A7C-D2A2-2CD11DE24AF7}"
EndProject
Global
	GlobalSection(SolutionConfigurationPlatforms) = preSolution
		Debug|Any CPU = Debug|Any CPU
		Release|Any CPU = Release|Any CPU
	EndGlobalSection
	GlobalSection(ProjectConfigurationPlatforms) = postSolution
		{B3CA7CF7-4A5C-66A1-A932-CF9220E25ABD}.Debug|Any CPU.ActiveCfg = Debug|Any CPU
		{B3CA7CF7-4A5C-66A1-A932-CF9220E25ABD}.Debug|Any CPU.Build.0 = Debug|Any CPU
		{B3CA7CF7-4A5C-66A1-A932-CF9220E25ABD}.Release|Any CPU.ActiveCfg = Release|Any CPU
		{B3CA7CF7-4A5C-66A1-A932-CF9220E25ABD}.Release|Any CPU.Build.0 = Release|Any CPU
		{B46B528E-136A-3B76-66B3-52396610A20E}.Debug|Any CPU.ActiveCfg = Debug|Any CPU
		{B46B528E-136A-3B76-66B3-52396610A20E}.Debug|Any CPU.Build.0 = Debug|Any CPU
		{B46B528E-136A-3B76-66B3-52396610A20E}.Release|Any CPU.ActiveCfg = Release|Any CPU
		{B46B528E-136A-3B76-66B3-52396610A20E}.Release|Any CPU.Build.0 = Release|Any CPU
		{9CB6D1F4-A988-2A7C-D2A2-2CD11DE24AF7}.Debug|Any CPU.ActiveCfg = Debug|Any CPU
		{9CB6D1F4-A988-2A7C-D2A2-2CD11DE24AF7}.Debug|Any CPU.Build.0 = Debug|Any CPU
		{9CB6D1F4-A988-2A7C-D2A2-2CD11DE24AF7}.Release|Any CPU.ActiveCfg = Release|Any CPU
		{9CB6D1F4-A988-2A7C-D2A2-2CD11DE24AF7}.Release|Any CPU.Build.0 = Release|Any CPU
	EndGlobalSection
	GlobalSection(SolutionProperties) = preSolution
		HideSolutionNode = FALSE
	EndGlobalSection
EndGlobal
